
Microsoft Visual Studio Solution File, Format Version 12.00
# Visual Studio Version 17
VisualStudioVersion = 17.0.31903.59
MinimumVisualStudioVersion = 10.0.40219.1
Project("{FAE04EC0-301F-11D3-BF4B-00C04F79EFBC}") = "Core", "Core\Core.csproj", "{4F9B345C-7BB5-47E9-BE0C-E7DC0C518BF0}"
EndProject
Project("{FAE04EC0-301F-11D3-BF4B-00C04F79EFBC}") = "ECS", "ECS\ECS.csproj", "{84F76DEC-1E68-4DD0-AF97-7EA04A9EFA77}"
EndProject
Project("{2150E333-8FDC-42A3-9474-1A3956D46DE8}") = "Modules", "Modules", "{F61AF084-F5C4-4BE1-80BA-326A727091C3}"
EndProject
Project("{FAE04EC0-301F-11D3-BF4B-00C04F79EFBC}") = "Console", "Modules\Console\Console.csproj", "{9C1B74F8-BEBB-4540-B1EF-57B9D91A4CC0}"
EndProject
Project("{FAE04EC0-301F-11D3-BF4B-00C04F79EFBC}") = "Content", "Modules\Content\Content.csproj", "{1F024C1F-B60C-44B7-850F-6FA99CE53539}"
EndProject
Project("{FAE04EC0-301F-11D3-BF4B-00C04F79EFBC}") = "Currency", "Modules\Currency\Currency.csproj", "{05F156E5-6E9B-4399-BCB1-CCD85C0F73B8}"
EndProject
Project("{FAE04EC0-301F-11D3-BF4B-00C04F79EFBC}") = "HarvestNode", "Modules\HarvestNode\HarvestNode.csproj", "{20009F3F-C200-4CAE-9868-972500A578D9}"
EndProject
Project("{FAE04EC0-301F-11D3-BF4B-00C04F79EFBC}") = "Inventory", "Modules\Inventory\Inventory.csproj", "{A711C95B-1A0C-427B-83DA-3FD860C4C96A}"
EndProject
Project("{FAE04EC0-301F-11D3-BF4B-00C04F79EFBC}") = "Skill", "Modules\Skill\Skill.csproj", "{B6C77C05-818F-4E2B-9EBD-F11F729304A2}"
EndProject
Global
	GlobalSection(SolutionConfigurationPlatforms) = preSolution
		Debug|Any CPU = Debug|Any CPU
		Release|Any CPU = Release|Any CPU
	EndGlobalSection
	GlobalSection(SolutionProperties) = preSolution
		HideSolutionNode = FALSE
	EndGlobalSection
	GlobalSection(ProjectConfigurationPlatforms) = postSolution
		{4F9B345C-7BB5-47E9-BE0C-E7DC0C518BF0}.Debug|Any CPU.ActiveCfg = Debug|Any CPU
		{4F9B345C-7BB5-47E9-BE0C-E7DC0C518BF0}.Debug|Any CPU.Build.0 = Debug|Any CPU
		{4F9B345C-7BB5-47E9-BE0C-E7DC0C518BF0}.Release|Any CPU.ActiveCfg = Release|Any CPU
		{4F9B345C-7BB5-47E9-BE0C-E7DC0C518BF0}.Release|Any CPU.Build.0 = Release|Any CPU
		{84F76DEC-1E68-4DD0-AF97-7EA04A9EFA77}.Debug|Any CPU.ActiveCfg = Debug|Any CPU
		{84F76DEC-1E68-4DD0-AF97-7EA04A9EFA77}.Debug|Any CPU.Build.0 = Debug|Any CPU
		{84F76DEC-1E68-4DD0-AF97-7EA04A9EFA77}.Release|Any CPU.ActiveCfg = Release|Any CPU
		{84F76DEC-1E68-4DD0-AF97-7EA04A9EFA77}.Release|Any CPU.Build.0 = Release|Any CPU
		{9C1B74F8-BEBB-4540-B1EF-57B9D91A4CC0}.Debug|Any CPU.ActiveCfg = Debug|Any CPU
		{9C1B74F8-BEBB-4540-B1EF-57B9D91A4CC0}.Debug|Any CPU.Build.0 = Debug|Any CPU
		{9C1B74F8-BEBB-4540-B1EF-57B9D91A4CC0}.Release|Any CPU.ActiveCfg = Release|Any CPU
		{9C1B74F8-BEBB-4540-B1EF-57B9D91A4CC0}.Release|Any CPU.Build.0 = Release|Any CPU
		{1F024C1F-B60C-44B7-850F-6FA99CE53539}.Debug|Any CPU.ActiveCfg = Debug|Any CPU
		{1F024C1F-B60C-44B7-850F-6FA99CE53539}.Debug|Any CPU.Build.0 = Debug|Any CPU
		{1F024C1F-B60C-44B7-850F-6FA99CE53539}.Release|Any CPU.ActiveCfg = Release|Any CPU
		{1F024C1F-B60C-44B7-850F-6FA99CE53539}.Release|Any CPU.Build.0 = Release|Any CPU
		{05F156E5-6E9B-4399-BCB1-CCD85C0F73B8}.Debug|Any CPU.ActiveCfg = Debug|Any CPU
		{05F156E5-6E9B-4399-BCB1-CCD85C0F73B8}.Debug|Any CPU.Build.0 = Debug|Any CPU
		{05F156E5-6E9B-4399-BCB1-CCD85C0F73B8}.Release|Any CPU.ActiveCfg = Release|Any CPU
		{05F156E5-6E9B-4399-BCB1-CCD85C0F73B8}.Release|Any CPU.Build.0 = Release|Any CPU
		{20009F3F-C200-4CAE-9868-972500A578D9}.Debug|Any CPU.ActiveCfg = Debug|Any CPU
		{20009F3F-C200-4CAE-9868-972500A578D9}.Debug|Any CPU.Build.0 = Debug|Any CPU
		{20009F3F-C200-4CAE-9868-972500A578D9}.Release|Any CPU.ActiveCfg = Release|Any CPU
		{20009F3F-C200-4CAE-9868-972500A578D9}.Release|Any CPU.Build.0 = Release|Any CPU
		{A711C95B-1A0C-427B-83DA-3FD860C4C96A}.Debug|Any CPU.ActiveCfg = Debug|Any CPU
		{A711C95B-1A0C-427B-83DA-3FD860C4C96A}.Debug|Any CPU.Build.0 = Debug|Any CPU
		{A711C95B-1A0C-427B-83DA-3FD860C4C96A}.Release|Any CPU.ActiveCfg = Release|Any CPU
		{A711C95B-1A0C-427B-83DA-3FD860C4C96A}.Release|Any CPU.Build.0 = Release|Any CPU
		{B6C77C05-818F-4E2B-9EBD-F11F729304A2}.Debug|Any CPU.ActiveCfg = Debug|Any CPU
		{B6C77C05-818F-4E2B-9EBD-F11F729304A2}.Debug|Any CPU.Build.0 = Debug|Any CPU
		{B6C77C05-818F-4E2B-9EBD-F11F729304A2}.Release|Any CPU.ActiveCfg = Release|Any CPU
		{B6C77C05-818F-4E2B-9EBD-F11F729304A2}.Release|Any CPU.Build.0 = Release|Any CPU
	EndGlobalSection
	GlobalSection(NestedProjects) = preSolution
		{9C1B74F8-BEBB-4540-B1EF-57B9D91A4CC0} = {F61AF084-F5C4-4BE1-80BA-326A727091C3}
		{1F024C1F-B60C-44B7-850F-6FA99CE53539} = {F61AF084-F5C4-4BE1-80BA-326A727091C3}
		{05F156E5-6E9B-4399-BCB1-CCD85C0F73B8} = {F61AF084-F5C4-4BE1-80BA-326A727091C3}
		{20009F3F-C200-4CAE-9868-972500A578D9} = {F61AF084-F5C4-4BE1-80BA-326A727091C3}
		{A711C95B-1A0C-427B-83DA-3FD860C4C96A} = {F61AF084-F5C4-4BE1-80BA-326A727091C3}
		{B6C77C05-818F-4E2B-9EBD-F11F729304A2} = {F61AF084-F5C4-4BE1-80BA-326A727091C3}
	EndGlobalSection
EndGlobal
