
Microsoft Visual Studio Solution File, Format Version 12.00
# Visual Studio Version 17
VisualStudioVersion = 17.0.31903.59
MinimumVisualStudioVersion = 10.0.40219.1
Project("{FAE04EC0-301F-11D3-BF4B-00C04F79EFBC}") = "Core", "Core\Core.csproj", "{4F9B345C-7BB5-47E9-BE0C-E7DC0C518BF0}"
EndProject
Project("{FAE04EC0-301F-11D3-BF4B-00C04F79EFBC}") = "ECS", "ECS\ECS.csproj", "{84F76DEC-1E68-4DD0-AF97-7EA04A9EFA77}"
EndProject
Project("{FAE04EC0-301F-11D3-BF4B-00C04F79EFBC}") = "Loot", "Loot\Loot.csproj", "{07292D58-872A-4CDB-B62A-CC3BD3602033}"
EndProject
Project("{2150E333-8FDC-42A3-9474-1A3956D46DE8}") = "Modules", "Modules", "{F61AF084-F5C4-4BE1-80BA-326A727091C3}"
EndProject
Project("{FAE04EC0-301F-11D3-BF4B-00C04F79EFBC}") = "Console", "Modules\Console\Console.csproj", "{9C1B74F8-BEBB-4540-B1EF-57B9D91A4CC0}"
EndProject
Project("{FAE04EC0-301F-11D3-BF4B-00C04F79EFBC}") = "Content", "Modules\Content\Content.csproj", "{1F024C1F-B60C-44B7-850F-6FA99CE53539}"
EndProject
Project("{FAE04EC0-301F-11D3-BF4B-00C04F79EFBC}") = "Currency", "Modules\Currency\Currency.csproj", "{05F156E5-6E9B-4399-BCB1-CCD85C0F73B8}"
EndProject
Project("{FAE04EC0-301F-11D3-BF4B-00C04F79EFBC}") = "HarvestNode", "Modules\HarvestNode\HarvestNode.csproj", "{20009F3F-C200-4CAE-9868-972500A578D9}"
EndProject
Project("{FAE04EC0-301F-11D3-BF4B-00C04F79EFBC}") = "Inventory", "Modules\Inventory\Inventory.csproj", "{A711C95B-1A0C-427B-83DA-3FD860C4C96A}"
EndProject
Project("{FAE04EC0-301F-11D3-BF4B-00C04F79EFBC}") = "Skill", "Modules\Skill\Skill.csproj", "{B6C77C05-818F-4E2B-9EBD-F11F729304A2}"
EndProject
Project("{2150E333-8FDC-42A3-9474-1A3956D46DE8}") = "Tests", "Tests", "{B335FBD4-A2C4-4F63-8944-5DC402C7B34D}"
EndProject
Project("{FAE04EC0-301F-11D3-BF4B-00C04F79EFBC}") = "Core.Tests", "Tests\Core.Tests\Core.Tests.csproj", "{B01C4DA3-EC2E-476F-AA9A-D1CB42A97925}"
EndProject
Project("{FAE04EC0-301F-11D3-BF4B-00C04F79EFBC}") = "Console.Tests", "Tests\Console.Tests\Console.Tests.csproj", "{223F30CC-7D39-413C-8E4C-48DC349251E7}"
EndProject
Project("{FAE04EC0-301F-11D3-BF4B-00C04F79EFBC}") = "ECS.Tests", "Tests\ECS.Tests\ECS.Tests.csproj", "{3A5A6824-B3C5-4AD3-B843-D86B16EA8C29}"
EndProject
Project("{FAE04EC0-301F-11D3-BF4B-00C04F79EFBC}") = "Integration.Tests", "Tests\Integration.Tests\Integration.Tests.csproj", "{C5BB2683-F79A-4006-8EBB-DDC906E29F90}"
EndProject
Project("{FAE04EC0-301F-11D3-BF4B-00C04F79EFBC}") = "Content.Tests", "Tests\Content.Tests\Content.Tests.csproj", "{B61866B6-58AD-46F4-841F-1BC2BA312EB7}"
EndProject
Project("{FAE04EC0-301F-11D3-BF4B-00C04F79EFBC}") = "Currency.Tests", "Tests\Currency.Tests\Currency.Tests.csproj", "{F240BF12-8749-4ECA-AAA1-0FC24327AF7B}"
EndProject
Project("{FAE04EC0-301F-11D3-BF4B-00C04F79EFBC}") = "Skill.Tests", "Tests\Skill.Tests\Skill.Tests.csproj", "{498A637D-4DA8-4A64-8DB5-2B88A2685AEE}"
EndProject
Project("{FAE04EC0-301F-11D3-BF4B-00C04F79EFBC}") = "Inventory.Tests", "Tests\Inventory.Tests\Inventory.Tests.csproj", "{29C95F0C-24AD-4482-A351-E77E8556C52D}"
EndProject
Project("{FAE04EC0-301F-11D3-BF4B-00C04F79EFBC}") = "HarvestNode.Tests", "Tests\HarvestNode.Tests\HarvestNode.Tests.csproj", "{C7C5AC95-102A-4607-B95C-27086B84490D}"
EndProject
Project("{FAE04EC0-301F-11D3-BF4B-00C04F79EFBC}") = "Loot.Tests", "Loot.Tests\Loot.Tests.csproj", "{0FCB7E9C-62DB-48BC-B094-FEA1C53FBE01}"
EndProject
Global
	GlobalSection(SolutionConfigurationPlatforms) = preSolution
		Debug|Any CPU = Debug|Any CPU
		Release|Any CPU = Release|Any CPU
	EndGlobalSection
	GlobalSection(SolutionProperties) = preSolution
		HideSolutionNode = FALSE
	EndGlobalSection
	GlobalSection(ProjectConfigurationPlatforms) = postSolution
		{4F9B345C-7BB5-47E9-BE0C-E7DC0C518BF0}.Debug|Any CPU.ActiveCfg = Debug|Any CPU
		{4F9B345C-7BB5-47E9-BE0C-E7DC0C518BF0}.Debug|Any CPU.Build.0 = Debug|Any CPU
		{4F9B345C-7BB5-47E9-BE0C-E7DC0C518BF0}.Release|Any CPU.ActiveCfg = Release|Any CPU
		{4F9B345C-7BB5-47E9-BE0C-E7DC0C518BF0}.Release|Any CPU.Build.0 = Release|Any CPU
		{84F76DEC-1E68-4DD0-AF97-7EA04A9EFA77}.Debug|Any CPU.ActiveCfg = Debug|Any CPU
		{84F76DEC-1E68-4DD0-AF97-7EA04A9EFA77}.Debug|Any CPU.Build.0 = Debug|Any CPU
		{84F76DEC-1E68-4DD0-AF97-7EA04A9EFA77}.Release|Any CPU.ActiveCfg = Release|Any CPU
		{84F76DEC-1E68-4DD0-AF97-7EA04A9EFA77}.Release|Any CPU.Build.0 = Release|Any CPU
		{9C1B74F8-BEBB-4540-B1EF-57B9D91A4CC0}.Debug|Any CPU.ActiveCfg = Debug|Any CPU
		{9C1B74F8-BEBB-4540-B1EF-57B9D91A4CC0}.Debug|Any CPU.Build.0 = Debug|Any CPU
		{9C1B74F8-BEBB-4540-B1EF-57B9D91A4CC0}.Release|Any CPU.ActiveCfg = Release|Any CPU
		{9C1B74F8-BEBB-4540-B1EF-57B9D91A4CC0}.Release|Any CPU.Build.0 = Release|Any CPU
		{1F024C1F-B60C-44B7-850F-6FA99CE53539}.Debug|Any CPU.ActiveCfg = Debug|Any CPU
		{1F024C1F-B60C-44B7-850F-6FA99CE53539}.Debug|Any CPU.Build.0 = Debug|Any CPU
		{1F024C1F-B60C-44B7-850F-6FA99CE53539}.Release|Any CPU.ActiveCfg = Release|Any CPU
		{1F024C1F-B60C-44B7-850F-6FA99CE53539}.Release|Any CPU.Build.0 = Release|Any CPU
		{05F156E5-6E9B-4399-BCB1-CCD85C0F73B8}.Debug|Any CPU.ActiveCfg = Debug|Any CPU
		{05F156E5-6E9B-4399-BCB1-CCD85C0F73B8}.Debug|Any CPU.Build.0 = Debug|Any CPU
		{05F156E5-6E9B-4399-BCB1-CCD85C0F73B8}.Release|Any CPU.ActiveCfg = Release|Any CPU
		{05F156E5-6E9B-4399-BCB1-CCD85C0F73B8}.Release|Any CPU.Build.0 = Release|Any CPU
		{20009F3F-C200-4CAE-9868-972500A578D9}.Debug|Any CPU.ActiveCfg = Debug|Any CPU
		{20009F3F-C200-4CAE-9868-972500A578D9}.Debug|Any CPU.Build.0 = Debug|Any CPU
		{20009F3F-C200-4CAE-9868-972500A578D9}.Release|Any CPU.ActiveCfg = Release|Any CPU
		{20009F3F-C200-4CAE-9868-972500A578D9}.Release|Any CPU.Build.0 = Release|Any CPU
		{A711C95B-1A0C-427B-83DA-3FD860C4C96A}.Debug|Any CPU.ActiveCfg = Debug|Any CPU
		{A711C95B-1A0C-427B-83DA-3FD860C4C96A}.Debug|Any CPU.Build.0 = Debug|Any CPU
		{A711C95B-1A0C-427B-83DA-3FD860C4C96A}.Release|Any CPU.ActiveCfg = Release|Any CPU
		{A711C95B-1A0C-427B-83DA-3FD860C4C96A}.Release|Any CPU.Build.0 = Release|Any CPU
		{B6C77C05-818F-4E2B-9EBD-F11F729304A2}.Debug|Any CPU.ActiveCfg = Debug|Any CPU
		{B6C77C05-818F-4E2B-9EBD-F11F729304A2}.Debug|Any CPU.Build.0 = Debug|Any CPU
		{B6C77C05-818F-4E2B-9EBD-F11F729304A2}.Release|Any CPU.ActiveCfg = Release|Any CPU
		{B6C77C05-818F-4E2B-9EBD-F11F729304A2}.Release|Any CPU.Build.0 = Release|Any CPU
		{B01C4DA3-EC2E-476F-AA9A-D1CB42A97925}.Debug|Any CPU.ActiveCfg = Debug|Any CPU
		{B01C4DA3-EC2E-476F-AA9A-D1CB42A97925}.Debug|Any CPU.Build.0 = Debug|Any CPU
		{B01C4DA3-EC2E-476F-AA9A-D1CB42A97925}.Release|Any CPU.ActiveCfg = Release|Any CPU
		{B01C4DA3-EC2E-476F-AA9A-D1CB42A97925}.Release|Any CPU.Build.0 = Release|Any CPU
		{223F30CC-7D39-413C-8E4C-48DC349251E7}.Debug|Any CPU.ActiveCfg = Debug|Any CPU
		{223F30CC-7D39-413C-8E4C-48DC349251E7}.Debug|Any CPU.Build.0 = Debug|Any CPU
		{223F30CC-7D39-413C-8E4C-48DC349251E7}.Release|Any CPU.ActiveCfg = Release|Any CPU
		{223F30CC-7D39-413C-8E4C-48DC349251E7}.Release|Any CPU.Build.0 = Release|Any CPU
		{3A5A6824-B3C5-4AD3-B843-D86B16EA8C29}.Debug|Any CPU.ActiveCfg = Debug|Any CPU
		{3A5A6824-B3C5-4AD3-B843-D86B16EA8C29}.Debug|Any CPU.Build.0 = Debug|Any CPU
		{3A5A6824-B3C5-4AD3-B843-D86B16EA8C29}.Release|Any CPU.ActiveCfg = Release|Any CPU
		{3A5A6824-B3C5-4AD3-B843-D86B16EA8C29}.Release|Any CPU.Build.0 = Release|Any CPU
		{C5BB2683-F79A-4006-8EBB-DDC906E29F90}.Debug|Any CPU.ActiveCfg = Debug|Any CPU
		{C5BB2683-F79A-4006-8EBB-DDC906E29F90}.Debug|Any CPU.Build.0 = Debug|Any CPU
		{C5BB2683-F79A-4006-8EBB-DDC906E29F90}.Release|Any CPU.ActiveCfg = Release|Any CPU
		{C5BB2683-F79A-4006-8EBB-DDC906E29F90}.Release|Any CPU.Build.0 = Release|Any CPU
		{B61866B6-58AD-46F4-841F-1BC2BA312EB7}.Debug|Any CPU.ActiveCfg = Debug|Any CPU
		{B61866B6-58AD-46F4-841F-1BC2BA312EB7}.Debug|Any CPU.Build.0 = Debug|Any CPU
		{B61866B6-58AD-46F4-841F-1BC2BA312EB7}.Release|Any CPU.ActiveCfg = Release|Any CPU
		{B61866B6-58AD-46F4-841F-1BC2BA312EB7}.Release|Any CPU.Build.0 = Release|Any CPU
		{F240BF12-8749-4ECA-AAA1-0FC24327AF7B}.Debug|Any CPU.ActiveCfg = Debug|Any CPU
		{F240BF12-8749-4ECA-AAA1-0FC24327AF7B}.Debug|Any CPU.Build.0 = Debug|Any CPU
		{F240BF12-8749-4ECA-AAA1-0FC24327AF7B}.Release|Any CPU.ActiveCfg = Release|Any CPU
		{F240BF12-8749-4ECA-AAA1-0FC24327AF7B}.Release|Any CPU.Build.0 = Release|Any CPU
		{498A637D-4DA8-4A64-8DB5-2B88A2685AEE}.Debug|Any CPU.ActiveCfg = Debug|Any CPU
		{498A637D-4DA8-4A64-8DB5-2B88A2685AEE}.Debug|Any CPU.Build.0 = Debug|Any CPU
		{498A637D-4DA8-4A64-8DB5-2B88A2685AEE}.Release|Any CPU.ActiveCfg = Release|Any CPU
		{498A637D-4DA8-4A64-8DB5-2B88A2685AEE}.Release|Any CPU.Build.0 = Release|Any CPU
		{29C95F0C-24AD-4482-A351-E77E8556C52D}.Debug|Any CPU.ActiveCfg = Debug|Any CPU
		{29C95F0C-24AD-4482-A351-E77E8556C52D}.Debug|Any CPU.Build.0 = Debug|Any CPU
		{29C95F0C-24AD-4482-A351-E77E8556C52D}.Release|Any CPU.ActiveCfg = Release|Any CPU
		{29C95F0C-24AD-4482-A351-E77E8556C52D}.Release|Any CPU.Build.0 = Release|Any CPU
		{C7C5AC95-102A-4607-B95C-27086B84490D}.Debug|Any CPU.ActiveCfg = Debug|Any CPU
		{C7C5AC95-102A-4607-B95C-27086B84490D}.Debug|Any CPU.Build.0 = Debug|Any CPU
		{C7C5AC95-102A-4607-B95C-27086B84490D}.Release|Any CPU.ActiveCfg = Release|Any CPU
		{C7C5AC95-102A-4607-B95C-27086B84490D}.Release|Any CPU.Build.0 = Release|Any CPU
		{07292D58-872A-4CDB-B62A-CC3BD3602033}.Debug|Any CPU.ActiveCfg = Debug|Any CPU
		{07292D58-872A-4CDB-B62A-CC3BD3602033}.Debug|Any CPU.Build.0 = Debug|Any CPU
		{07292D58-872A-4CDB-B62A-CC3BD3602033}.Release|Any CPU.ActiveCfg = Release|Any CPU
		{07292D58-872A-4CDB-B62A-CC3BD3602033}.Release|Any CPU.Build.0 = Release|Any CPU
		{0FCB7E9C-62DB-48BC-B094-FEA1C53FBE01}.Debug|Any CPU.ActiveCfg = Debug|Any CPU
		{0FCB7E9C-62DB-48BC-B094-FEA1C53FBE01}.Debug|Any CPU.Build.0 = Debug|Any CPU
		{0FCB7E9C-62DB-48BC-B094-FEA1C53FBE01}.Release|Any CPU.ActiveCfg = Release|Any CPU
		{0FCB7E9C-62DB-48BC-B094-FEA1C53FBE01}.Release|Any CPU.Build.0 = Release|Any CPU
	EndGlobalSection
	GlobalSection(NestedProjects) = preSolution
		{9C1B74F8-BEBB-4540-B1EF-57B9D91A4CC0} = {F61AF084-F5C4-4BE1-80BA-326A727091C3}
		{1F024C1F-B60C-44B7-850F-6FA99CE53539} = {F61AF084-F5C4-4BE1-80BA-326A727091C3}
		{05F156E5-6E9B-4399-BCB1-CCD85C0F73B8} = {F61AF084-F5C4-4BE1-80BA-326A727091C3}
		{20009F3F-C200-4CAE-9868-972500A578D9} = {F61AF084-F5C4-4BE1-80BA-326A727091C3}
		{A711C95B-1A0C-427B-83DA-3FD860C4C96A} = {F61AF084-F5C4-4BE1-80BA-326A727091C3}
		{B6C77C05-818F-4E2B-9EBD-F11F729304A2} = {F61AF084-F5C4-4BE1-80BA-326A727091C3}
		{B01C4DA3-EC2E-476F-AA9A-D1CB42A97925} = {B335FBD4-A2C4-4F63-8944-5DC402C7B34D}
		{223F30CC-7D39-413C-8E4C-48DC349251E7} = {B335FBD4-A2C4-4F63-8944-5DC402C7B34D}
		{3A5A6824-B3C5-4AD3-B843-D86B16EA8C29} = {B335FBD4-A2C4-4F63-8944-5DC402C7B34D}
		{C5BB2683-F79A-4006-8EBB-DDC906E29F90} = {B335FBD4-A2C4-4F63-8944-5DC402C7B34D}
		{B61866B6-58AD-46F4-841F-1BC2BA312EB7} = {B335FBD4-A2C4-4F63-8944-5DC402C7B34D}
		{F240BF12-8749-4ECA-AAA1-0FC24327AF7B} = {B335FBD4-A2C4-4F63-8944-5DC402C7B34D}
		{498A637D-4DA8-4A64-8DB5-2B88A2685AEE} = {B335FBD4-A2C4-4F63-8944-5DC402C7B34D}
		{29C95F0C-24AD-4482-A351-E77E8556C52D} = {B335FBD4-A2C4-4F63-8944-5DC402C7B34D}
		{C7C5AC95-102A-4607-B95C-27086B84490D} = {B335FBD4-A2C4-4F63-8944-5DC402C7B34D}
		{0FCB7E9C-62DB-48BC-B094-FEA1C53FBE01} = {B335FBD4-A2C4-4F63-8944-5DC402C7B34D}
	EndGlobalSection
EndGlobal
